
Microsoft Visual Studio Solution File, Format Version 12.00
# Visual Studio Version 17
VisualStudioVersion = 17.0.31903.59
MinimumVisualStudioVersion = 10.0.40219.1
Project("{FAE04EC0-301F-11D3-BF4B-00C04F79EFBC}") = "ArchSet.Core", "core\ArchSet.Core.csproj", "{2B4F8CD1-5EA0-4C8C-A6A8-77DC9255B4B5}"
EndProject
Project("{FAE04EC0-301F-11D3-BF4B-00C04F79EFBC}") = "ArchSet.Core.Tests", "core.tests\ArchSet.Core.Tests.csproj", "{4CB25083-43E9-4559-90E7-29F2A2C8FE9F}"
EndProject
Global
	GlobalSection(SolutionConfigurationPlatforms) = preSolution
		Debug|Any CPU = Debug|Any CPU
		Release|Any CPU = Release|Any CPU
	EndGlobalSection
	GlobalSection(SolutionProperties) = preSolution
		HideSolutionNode = FALSE
	EndGlobalSection
	GlobalSection(ProjectConfigurationPlatforms) = postSolution
		{2B4F8CD1-5EA0-4C8C-A6A8-77DC9255B4B5}.Debug|Any CPU.ActiveCfg = Debug|Any CPU
		{2B4F8CD1-5EA0-4C8C-A6A8-77DC9255B4B5}.Debug|Any CPU.Build.0 = Debug|Any CPU
		{2B4F8CD1-5EA0-4C8C-A6A8-77DC9255B4B5}.Release|Any CPU.ActiveCfg = Release|Any CPU
		{2B4F8CD1-5EA0-4C8C-A6A8-77DC9255B4B5}.Release|Any CPU.Build.0 = Release|Any CPU
		{4CB25083-43E9-4559-90E7-29F2A2C8FE9F}.Debug|Any CPU.ActiveCfg = Debug|Any CPU
		{4CB25083-43E9-4559-90E7-29F2A2C8FE9F}.Debug|Any CPU.Build.0 = Debug|Any CPU
		{4CB25083-43E9-4559-90E7-29F2A2C8FE9F}.Release|Any CPU.ActiveCfg = Release|Any CPU
		{4CB25083-43E9-4559-90E7-29F2A2C8FE9F}.Release|Any CPU.Build.0 = Release|Any CPU
	EndGlobalSection
EndGlobal
